
Microsoft Visual Studio Solution File, Format Version 11.00
# Visual Studio 2010
Project("{FAE04EC0-301F-11D3-BF4B-00C04F79EFBC}") = "SharePointSnapIn", "SharePointSnapIn.csproj", "{53DAD7A4-B42C-4642-BA16-8C3BC969E409}"
EndProject
Global
	GlobalSection(SolutionConfigurationPlatforms) = preSolution
		Debug|Any CPU = Debug|Any CPU
		Release|Any CPU = Release|Any CPU
	EndGlobalSection
	GlobalSection(ProjectConfigurationPlatforms) = postSolution
		{53DAD7A4-B42C-4642-BA16-8C3BC969E409}.Debug|Any CPU.ActiveCfg = Debug|Any CPU
		{53DAD7A4-B42C-4642-BA16-8C3BC969E409}.Debug|Any CPU.Build.0 = Debug|Any CPU
		{53DAD7A4-B42C-4642-BA16-8C3BC969E409}.Release|Any CPU.ActiveCfg = Release|Any CPU
		{53DAD7A4-B42C-4642-BA16-8C3BC969E409}.Release|Any CPU.Build.0 = Release|Any CPU
	EndGlobalSection
	GlobalSection(SolutionProperties) = preSolution
		HideSolutionNode = FALSE
	EndGlobalSection
EndGlobal
